
Microsoft Visual Studio Solution File, Format Version 12.00
# Visual Studio 15
VisualStudioVersion = 15.0.26228.4
MinimumVisualStudioVersion = 10.0.40219.1
Project("{FAE04EC0-301F-11D3-BF4B-00C04F79EFBC}") = "AnitamaClient", "AnitamaClient\AnitamaClient.csproj", "{864A8B35-855C-49C5-81D8-6B10392A1AEA}"
EndProject
Project("{FAE04EC0-301F-11D3-BF4B-00C04F79EFBC}") = "AnitamaClient.Api", "AnitamaClient.Api\AnitamaClient.Api.csproj", "{3AB099FC-AD2D-4224-9F91-1ADB7CF90E2B}"
EndProject
Global
	GlobalSection(SolutionConfigurationPlatforms) = preSolution
		Debug|ARM = Debug|ARM
		Debug|x64 = Debug|x64
		Debug|x86 = Debug|x86
		Release|ARM = Release|ARM
		Release|x64 = Release|x64
		Release|x86 = Release|x86
	EndGlobalSection
	GlobalSection(ProjectConfigurationPlatforms) = postSolution
		{864A8B35-855C-49C5-81D8-6B10392A1AEA}.Debug|ARM.ActiveCfg = Debug|ARM
		{864A8B35-855C-49C5-81D8-6B10392A1AEA}.Debug|ARM.Build.0 = Debug|ARM
		{864A8B35-855C-49C5-81D8-6B10392A1AEA}.Debug|ARM.Deploy.0 = Debug|ARM
		{864A8B35-855C-49C5-81D8-6B10392A1AEA}.Debug|x64.ActiveCfg = Debug|x64
		{864A8B35-855C-49C5-81D8-6B10392A1AEA}.Debug|x64.Build.0 = Debug|x64
		{864A8B35-855C-49C5-81D8-6B10392A1AEA}.Debug|x64.Deploy.0 = Debug|x64
		{864A8B35-855C-49C5-81D8-6B10392A1AEA}.Debug|x86.ActiveCfg = Debug|x86
		{864A8B35-855C-49C5-81D8-6B10392A1AEA}.Debug|x86.Build.0 = Debug|x86
		{864A8B35-855C-49C5-81D8-6B10392A1AEA}.Debug|x86.Deploy.0 = Debug|x86
		{864A8B35-855C-49C5-81D8-6B10392A1AEA}.Release|ARM.ActiveCfg = Release|ARM
		{864A8B35-855C-49C5-81D8-6B10392A1AEA}.Release|ARM.Build.0 = Release|ARM
		{864A8B35-855C-49C5-81D8-6B10392A1AEA}.Release|ARM.Deploy.0 = Release|ARM
		{864A8B35-855C-49C5-81D8-6B10392A1AEA}.Release|x64.ActiveCfg = Release|x64
		{864A8B35-855C-49C5-81D8-6B10392A1AEA}.Release|x64.Build.0 = Release|x64
		{864A8B35-855C-49C5-81D8-6B10392A1AEA}.Release|x64.Deploy.0 = Release|x64
		{864A8B35-855C-49C5-81D8-6B10392A1AEA}.Release|x86.ActiveCfg = Release|x86
		{864A8B35-855C-49C5-81D8-6B10392A1AEA}.Release|x86.Build.0 = Release|x86
		{864A8B35-855C-49C5-81D8-6B10392A1AEA}.Release|x86.Deploy.0 = Release|x86
		{3AB099FC-AD2D-4224-9F91-1ADB7CF90E2B}.Debug|ARM.ActiveCfg = Debug|ARM
		{3AB099FC-AD2D-4224-9F91-1ADB7CF90E2B}.Debug|ARM.Build.0 = Debug|ARM
		{3AB099FC-AD2D-4224-9F91-1ADB7CF90E2B}.Debug|x64.ActiveCfg = Debug|x64
		{3AB099FC-AD2D-4224-9F91-1ADB7CF90E2B}.Debug|x64.Build.0 = Debug|x64
		{3AB099FC-AD2D-4224-9F91-1ADB7CF90E2B}.Debug|x86.ActiveCfg = Debug|x86
		{3AB099FC-AD2D-4224-9F91-1ADB7CF90E2B}.Debug|x86.Build.0 = Debug|x86
		{3AB099FC-AD2D-4224-9F91-1ADB7CF90E2B}.Release|ARM.ActiveCfg = Release|ARM
		{3AB099FC-AD2D-4224-9F91-1ADB7CF90E2B}.Release|ARM.Build.0 = Release|ARM
		{3AB099FC-AD2D-4224-9F91-1ADB7CF90E2B}.Release|x64.ActiveCfg = Release|x64
		{3AB099FC-AD2D-4224-9F91-1ADB7CF90E2B}.Release|x64.Build.0 = Release|x64
		{3AB099FC-AD2D-4224-9F91-1ADB7CF90E2B}.Release|x86.ActiveCfg = Release|x86
		{3AB099FC-AD2D-4224-9F91-1ADB7CF90E2B}.Release|x86.Build.0 = Release|x86
	EndGlobalSection
	GlobalSection(SolutionProperties) = preSolution
		HideSolutionNode = FALSE
	EndGlobalSection
EndGlobal
